PODS:
  - Capacitor (1.1.0):
    - CapacitorCordova (= 1.1.0)
  - CapacitorCordova (1.1.0)

DEPENDENCIES:
  - "Capacitor (from `../../node_modules/@capacitor/ios`)"
  - "CapacitorCordova (from `../../node_modules/@capacitor/ios`)"

EXTERNAL SOURCES:
  Capacitor:
    :path: "../../node_modules/@capacitor/ios"
  CapacitorCordova:
    :path: "../../node_modules/@capacitor/ios"

SPEC CHECKSUMS:
  Capacitor: 1e4b4f057fe6c727575a90cc640fbf6aa019a017
  CapacitorCordova: 49e84a6ab0ff82f00667bd27bb3c0e98bafea445

PODFILE CHECKSUM: 144b255a8aae841ea14f3ee0bfb55be44afd1167

COCOAPODS: 1.7.2
